
Microsoft Visual Studio Solution File, Format Version 12.00
# Visual Studio Version 17
VisualStudioVersion = 17.6.33829.357
MinimumVisualStudioVersion = 10.0.40219.1
Project("{FAE04EC0-301F-11D3-BF4B-00C04F79EFBC}") = "RobotArmHelix", "RobotArmHelix\RobotArmHelix.csproj", "{E14738AE-AF61-4F59-841E-0A81B4D85893}"
EndProject
Global
	GlobalSection(SolutionConfigurationPlatforms) = preSolution
		Debug|Any CPU = Debug|Any CPU
		Debug|ARM64 = Debug|ARM64
		Debug|x64 = Debug|x64
		Release|Any CPU = Release|Any CPU
		Release|ARM64 = Release|ARM64
		Release|x64 = Release|x64
	EndGlobalSection
	GlobalSection(ProjectConfigurationPlatforms) = postSolution
		{E14738AE-AF61-4F59-841E-0A81B4D85893}.Debug|Any CPU.ActiveCfg = Debug|Any CPU
		{E14738AE-AF61-4F59-841E-0A81B4D85893}.Debug|Any CPU.Build.0 = Debug|Any CPU
		{E14738AE-AF61-4F59-841E-0A81B4D85893}.Debug|ARM64.ActiveCfg = Release|ARM64
		{E14738AE-AF61-4F59-841E-0A81B4D85893}.Debug|ARM64.Build.0 = Release|ARM64
		{E14738AE-AF61-4F59-841E-0A81B4D85893}.Debug|x64.ActiveCfg = Debug|x64
		{E14738AE-AF61-4F59-841E-0A81B4D85893}.Debug|x64.Build.0 = Debug|x64
		{E14738AE-AF61-4F59-841E-0A81B4D85893}.Release|Any CPU.ActiveCfg = Release|Any CPU
		{E14738AE-AF61-4F59-841E-0A81B4D85893}.Release|Any CPU.Build.0 = Release|Any CPU
		{E14738AE-AF61-4F59-841E-0A81B4D85893}.Release|ARM64.ActiveCfg = Debug|Any CPU
		{E14738AE-AF61-4F59-841E-0A81B4D85893}.Release|ARM64.Build.0 = Debug|Any CPU
		{E14738AE-AF61-4F59-841E-0A81B4D85893}.Release|x64.ActiveCfg = Release|x64
		{E14738AE-AF61-4F59-841E-0A81B4D85893}.Release|x64.Build.0 = Release|x64
	EndGlobalSection
	GlobalSection(SolutionProperties) = preSolution
		HideSolutionNode = FALSE
	EndGlobalSection
	GlobalSection(ExtensibilityGlobals) = postSolution
		SolutionGuid = {108F077E-FB2F-4DEB-8648-CB5F5A97EEB1}
	EndGlobalSection
EndGlobal
