
Microsoft Visual Studio Solution File, Format Version 12.00
# Visual Studio 15
VisualStudioVersion = 15.0.33026.149
MinimumVisualStudioVersion = 10.0.40219.1
Project("{FAE04EC0-301F-11D3-BF4B-00C04F79EFBC}") = "COM_PORT", "COM_PORT\COM_PORT.csproj", "{D3C335B7-A8CD-48DE-94EA-6145BC30C905}"
EndProject
Project("{54435603-DBB4-11D2-8724-00A0C9A8B90C}") = "Setup", "Setup\Setup.vdproj", "{7C829466-97F7-4CF3-B9F6-2EA19B1049DA}"
EndProject
Global
	GlobalSection(SolutionConfigurationPlatforms) = preSolution
		Debug|Any CPU = Debug|Any CPU
		Release|Any CPU = Release|Any CPU
	EndGlobalSection
	GlobalSection(ProjectConfigurationPlatforms) = postSolution
		{D3C335B7-A8CD-48DE-94EA-6145BC30C905}.Debug|Any CPU.ActiveCfg = Debug|Any CPU
		{D3C335B7-A8CD-48DE-94EA-6145BC30C905}.Debug|Any CPU.Build.0 = Debug|Any CPU
		{D3C335B7-A8CD-48DE-94EA-6145BC30C905}.Release|Any CPU.ActiveCfg = Release|Any CPU
		{D3C335B7-A8CD-48DE-94EA-6145BC30C905}.Release|Any CPU.Build.0 = Release|Any CPU
		{7C829466-97F7-4CF3-B9F6-2EA19B1049DA}.Debug|Any CPU.ActiveCfg = Debug
		{7C829466-97F7-4CF3-B9F6-2EA19B1049DA}.Release|Any CPU.ActiveCfg = Release
	EndGlobalSection
	GlobalSection(SolutionProperties) = preSolution
		HideSolutionNode = FALSE
	EndGlobalSection
	GlobalSection(ExtensibilityGlobals) = postSolution
		SolutionGuid = {078BDCA2-3E1D-4239-A55B-13A6C50BC9D5}
	EndGlobalSection
EndGlobal
