
Microsoft Visual Studio Solution File, Format Version 12.00
# Visual Studio Version 17
VisualStudioVersion = 17.6.33829.357
MinimumVisualStudioVersion = 10.0.40219.1
Project("{FAE04EC0-301F-11D3-BF4B-00C04F79EFBC}") = "Regression_test", "Regression_test.csproj", "{9F68F2F5-85F3-4EE0-A124-622EE09EDE2A}"
EndProject
Global
	GlobalSection(SolutionConfigurationPlatforms) = preSolution
		Debug|Any CPU = Debug|Any CPU
		Release|Any CPU = Release|Any CPU
	EndGlobalSection
	GlobalSection(ProjectConfigurationPlatforms) = postSolution
		{9F68F2F5-85F3-4EE0-A124-622EE09EDE2A}.Debug|Any CPU.ActiveCfg = Debug|Any CPU
		{9F68F2F5-85F3-4EE0-A124-622EE09EDE2A}.Debug|Any CPU.Build.0 = Debug|Any CPU
		{9F68F2F5-85F3-4EE0-A124-622EE09EDE2A}.Release|Any CPU.ActiveCfg = Release|Any CPU
		{9F68F2F5-85F3-4EE0-A124-622EE09EDE2A}.Release|Any CPU.Build.0 = Release|Any CPU
	EndGlobalSection
	GlobalSection(SolutionProperties) = preSolution
		HideSolutionNode = FALSE
	EndGlobalSection
	GlobalSection(ExtensibilityGlobals) = postSolution
		SolutionGuid = {5B578453-4062-4DF6-AB56-79B8D39CBEE7}
	EndGlobalSection
EndGlobal
