
Microsoft Visual Studio Solution File, Format Version 12.00
# Visual Studio Version 17
VisualStudioVersion = 17.4.33213.308
MinimumVisualStudioVersion = 10.0.40219.1
Project("{FAE04EC0-301F-11D3-BF4B-00C04F79EFBC}") = "Image_proccessing", "Image_proccessing\Image_proccessing.csproj", "{B3A108C6-5ED5-4BC3-896F-2D39BD45AFEB}"
EndProject
Global
	GlobalSection(SolutionConfigurationPlatforms) = preSolution
		Debug|Any CPU = Debug|Any CPU
		Release|Any CPU = Release|Any CPU
	EndGlobalSection
	GlobalSection(ProjectConfigurationPlatforms) = postSolution
		{B3A108C6-5ED5-4BC3-896F-2D39BD45AFEB}.Debug|Any CPU.ActiveCfg = Debug|Any CPU
		{B3A108C6-5ED5-4BC3-896F-2D39BD45AFEB}.Debug|Any CPU.Build.0 = Debug|Any CPU
		{B3A108C6-5ED5-4BC3-896F-2D39BD45AFEB}.Release|Any CPU.ActiveCfg = Release|Any CPU
		{B3A108C6-5ED5-4BC3-896F-2D39BD45AFEB}.Release|Any CPU.Build.0 = Release|Any CPU
	EndGlobalSection
	GlobalSection(SolutionProperties) = preSolution
		HideSolutionNode = FALSE
	EndGlobalSection
	GlobalSection(ExtensibilityGlobals) = postSolution
		SolutionGuid = {15DCE145-516C-4C79-84E5-DDE428DC534E}
	EndGlobalSection
EndGlobal
