
Microsoft Visual Studio Solution File, Format Version 12.00
# Visual Studio Version 17
VisualStudioVersion = 17.4.33213.308
MinimumVisualStudioVersion = 10.0.40219.1
Project("{FAE04EC0-301F-11D3-BF4B-00C04F79EFBC}") = "TEST", "TEST\TEST.csproj", "{C80B2EF4-C959-4F9D-A82E-6EE9F5F70EFC}"
EndProject
Global
	GlobalSection(SolutionConfigurationPlatforms) = preSolution
		Debug|Any CPU = Debug|Any CPU
		Release|Any CPU = Release|Any CPU
	EndGlobalSection
	GlobalSection(ProjectConfigurationPlatforms) = postSolution
		{C80B2EF4-C959-4F9D-A82E-6EE9F5F70EFC}.Debug|Any CPU.ActiveCfg = Debug|Any CPU
		{C80B2EF4-C959-4F9D-A82E-6EE9F5F70EFC}.Debug|Any CPU.Build.0 = Debug|Any CPU
		{C80B2EF4-C959-4F9D-A82E-6EE9F5F70EFC}.Release|Any CPU.ActiveCfg = Release|Any CPU
		{C80B2EF4-C959-4F9D-A82E-6EE9F5F70EFC}.Release|Any CPU.Build.0 = Release|Any CPU
	EndGlobalSection
	GlobalSection(SolutionProperties) = preSolution
		HideSolutionNode = FALSE
	EndGlobalSection
	GlobalSection(ExtensibilityGlobals) = postSolution
		SolutionGuid = {ABC70DA5-09DC-4776-B07A-25EB321DAA40}
	EndGlobalSection
EndGlobal
