
Microsoft Visual Studio Solution File, Format Version 12.00
# Visual Studio Version 17
VisualStudioVersion = 17.4.33213.308
MinimumVisualStudioVersion = 10.0.40219.1
Project("{FAE04EC0-301F-11D3-BF4B-00C04F79EFBC}") = "WindowsFormsApp1", "WindowsFormsApp1\WindowsFormsApp1.csproj", "{9ACAF206-7A64-4870-8BED-EBFC6ECCD053}"
EndProject
Global
	GlobalSection(SolutionConfigurationPlatforms) = preSolution
		Debug|Any CPU = Debug|Any CPU
		Release|Any CPU = Release|Any CPU
	EndGlobalSection
	GlobalSection(ProjectConfigurationPlatforms) = postSolution
		{9ACAF206-7A64-4870-8BED-EBFC6ECCD053}.Debug|Any CPU.ActiveCfg = Debug|Any CPU
		{9ACAF206-7A64-4870-8BED-EBFC6ECCD053}.Debug|Any CPU.Build.0 = Debug|Any CPU
		{9ACAF206-7A64-4870-8BED-EBFC6ECCD053}.Release|Any CPU.ActiveCfg = Release|Any CPU
		{9ACAF206-7A64-4870-8BED-EBFC6ECCD053}.Release|Any CPU.Build.0 = Release|Any CPU
	EndGlobalSection
	GlobalSection(SolutionProperties) = preSolution
		HideSolutionNode = FALSE
	EndGlobalSection
	GlobalSection(ExtensibilityGlobals) = postSolution
		SolutionGuid = {5E9BEFD2-15D7-4A7B-B56A-52C2F8513E90}
	EndGlobalSection
EndGlobal
