
Microsoft Visual Studio Solution File, Format Version 12.00
# Visual Studio Version 17
VisualStudioVersion = 17.4.33213.308
MinimumVisualStudioVersion = 10.0.40219.1
Project("{FAE04EC0-301F-11D3-BF4B-00C04F79EFBC}") = "Mini_prj05", "Mini_prj05\Mini_prj05.csproj", "{40E81704-2F99-44AB-AD48-A9D6380FAC9D}"
EndProject
Global
	GlobalSection(SolutionConfigurationPlatforms) = preSolution
		Debug|Any CPU = Debug|Any CPU
		Release|Any CPU = Release|Any CPU
	EndGlobalSection
	GlobalSection(ProjectConfigurationPlatforms) = postSolution
		{40E81704-2F99-44AB-AD48-A9D6380FAC9D}.Debug|Any CPU.ActiveCfg = Debug|Any CPU
		{40E81704-2F99-44AB-AD48-A9D6380FAC9D}.Debug|Any CPU.Build.0 = Debug|Any CPU
		{40E81704-2F99-44AB-AD48-A9D6380FAC9D}.Release|Any CPU.ActiveCfg = Release|Any CPU
		{40E81704-2F99-44AB-AD48-A9D6380FAC9D}.Release|Any CPU.Build.0 = Release|Any CPU
	EndGlobalSection
	GlobalSection(SolutionProperties) = preSolution
		HideSolutionNode = FALSE
	EndGlobalSection
	GlobalSection(ExtensibilityGlobals) = postSolution
		SolutionGuid = {D6A010DA-007B-46A3-B70C-9417028168C5}
	EndGlobalSection
EndGlobal
