
Microsoft Visual Studio Solution File, Format Version 12.00
# Visual Studio Version 17
VisualStudioVersion = 17.4.33213.308
MinimumVisualStudioVersion = 10.0.40219.1
Project("{FAE04EC0-301F-11D3-BF4B-00C04F79EFBC}") = "ConsoleApp2_.NET5.0", "ConsoleApp2_.NET5.0\ConsoleApp2_.NET5.0.csproj", "{1A461D80-97BB-410A-8364-D16EA21996F2}"
EndProject
Global
	GlobalSection(SolutionConfigurationPlatforms) = preSolution
		Debug|Any CPU = Debug|Any CPU
		Release|Any CPU = Release|Any CPU
	EndGlobalSection
	GlobalSection(ProjectConfigurationPlatforms) = postSolution
		{1A461D80-97BB-410A-8364-D16EA21996F2}.Debug|Any CPU.ActiveCfg = Debug|Any CPU
		{1A461D80-97BB-410A-8364-D16EA21996F2}.Debug|Any CPU.Build.0 = Debug|Any CPU
		{1A461D80-97BB-410A-8364-D16EA21996F2}.Release|Any CPU.ActiveCfg = Release|Any CPU
		{1A461D80-97BB-410A-8364-D16EA21996F2}.Release|Any CPU.Build.0 = Release|Any CPU
	EndGlobalSection
	GlobalSection(SolutionProperties) = preSolution
		HideSolutionNode = FALSE
	EndGlobalSection
	GlobalSection(ExtensibilityGlobals) = postSolution
		SolutionGuid = {277C44CF-60A9-4019-B483-EFD5CEBCF869}
	EndGlobalSection
EndGlobal
